// !$*UTF8*$!
{
	archiveVersion = 1;
	classes = {
	};
	objectVersion = 56;
	objects = {

/* Begin PBXBuildFile section */
		CED80DC42A129C7E009F3569 /* BaseMVVMSwiftUIApp.swift in Sources */ = {isa = PBXBuildFile; fileRef = CED80DC32A129C7E009F3569 /* BaseMVVMSwiftUIApp.swift */; };
		CED80DC82A129C80009F3569 /* Assets.xcassets in Resources */ = {isa = PBXBuildFile; fileRef = CED80DC72A129C80009F3569 /* Assets.xcassets */; };
		CED80DCB2A129C80009F3569 /* Preview Assets.xcassets in Resources */ = {isa = PBXBuildFile; fileRef = CED80DCA2A129C80009F3569 /* Preview Assets.xcassets */; };
		CED80DD52A129DBE009F3569 /* LoginView.swift in Sources */ = {isa = PBXBuildFile; fileRef = CED80DD42A129DBE009F3569 /* LoginView.swift */; };
		CED80DD72A129FEE009F3569 /* LoginViewModel.swift in Sources */ = {isa = PBXBuildFile; fileRef = CED80DD62A129FEE009F3569 /* LoginViewModel.swift */; };
		CED80DD92A12A000009F3569 /* LoginService.swift in Sources */ = {isa = PBXBuildFile; fileRef = CED80DD82A12A000009F3569 /* LoginService.swift */; };
		CED80DDD2A12A1C1009F3569 /* LoginRequestModel.swift in Sources */ = {isa = PBXBuildFile; fileRef = CED80DDC2A12A1C1009F3569 /* LoginRequestModel.swift */; };
		CED80DDF2A12A1F9009F3569 /* LoginResponseModel.swift in Sources */ = {isa = PBXBuildFile; fileRef = CED80DDE2A12A1F9009F3569 /* LoginResponseModel.swift */; };
		CED80DE22A12B4E3009F3569 /* LoadingView.swift in Sources */ = {isa = PBXBuildFile; fileRef = CED80DE12A12B4E3009F3569 /* LoadingView.swift */; };
		CED80DE62A12CB64009F3569 /* ForgotPasswordViewController.swift in Sources */ = {isa = PBXBuildFile; fileRef = CED80DE42A12CB64009F3569 /* ForgotPasswordViewController.swift */; };
		CED80DE72A12CB64009F3569 /* ForgotPasswordViewController.xib in Resources */ = {isa = PBXBuildFile; fileRef = CED80DE52A12CB64009F3569 /* ForgotPasswordViewController.xib */; };
		CED80DE92A12CC10009F3569 /* ForgotPasswordViewControllerRepresentable.swift in Sources */ = {isa = PBXBuildFile; fileRef = CED80DE82A12CC10009F3569 /* ForgotPasswordViewControllerRepresentable.swift */; };
		CED80DEB2A13BFF6009F3569 /* SuccessView.swift in Sources */ = {isa = PBXBuildFile; fileRef = CED80DEA2A13BFF6009F3569 /* SuccessView.swift */; };
		CED80DEE2A13CCF2009F3569 /* NavigationUtil.swift in Sources */ = {isa = PBXBuildFile; fileRef = CED80DED2A13CCF2009F3569 /* NavigationUtil.swift */; };
		CED80DFE2A13EEB7009F3569 /* LoginTests.swift in Sources */ = {isa = PBXBuildFile; fileRef = CED80DFD2A13EEB7009F3569 /* LoginTests.swift */; };
		CED80E002A13FE7B009F3569 /* LoginServiceSpy.swift in Sources */ = {isa = PBXBuildFile; fileRef = CED80DFF2A13FE7B009F3569 /* LoginServiceSpy.swift */; };
		CED80E402A17F11D009F3569 /* SessionManager.swift in Sources */ = {isa = PBXBuildFile; fileRef = CED80E3F2A17F11D009F3569 /* SessionManager.swift */; };
		CED80E432A17F47B009F3569 /* SessionModel.swift in Sources */ = {isa = PBXBuildFile; fileRef = CED80E422A17F47B009F3569 /* SessionModel.swift */; };
		CED80E462A17FD75009F3569 /* HomeView.swift in Sources */ = {isa = PBXBuildFile; fileRef = CED80E452A17FD75009F3569 /* HomeView.swift */; };
		CED80E482A17FEC2009F3569 /* HomeViewModel.swift in Sources */ = {isa = PBXBuildFile; fileRef = CED80E472A17FEC2009F3569 /* HomeViewModel.swift */; };
		CED80E4B2A1BA0AD009F3569 /* AppView.swift in Sources */ = {isa = PBXBuildFile; fileRef = CED80E4A2A1BA0AD009F3569 /* AppView.swift */; };
		CED80E532A1D5B49009F3569 /* BMTextFieldView.swift in Sources */ = {isa = PBXBuildFile; fileRef = CED80E522A1D5B49009F3569 /* BMTextFieldView.swift */; };
		CEE267AA2A1E86750016C55F /* BMButtonView.swift in Sources */ = {isa = PBXBuildFile; fileRef = CEE267A92A1E86750016C55F /* BMButtonView.swift */; };
		CEE70B462A1FCEBA00DA0A0D /* SignupView.swift in Sources */ = {isa = PBXBuildFile; fileRef = CEE70B452A1FCEBA00DA0A0D /* SignupView.swift */; };
		CEE70B482A1FCED400DA0A0D /* SignupViewModel.swift in Sources */ = {isa = PBXBuildFile; fileRef = CEE70B472A1FCED400DA0A0D /* SignupViewModel.swift */; };
		CEE70B4D2A1FEB7F00DA0A0D /* RoundedCorner.swift in Sources */ = {isa = PBXBuildFile; fileRef = CEE70B4C2A1FEB7F00DA0A0D /* RoundedCorner.swift */; };
		CEE70B502A1FEBD300DA0A0D /* Extension + View.swift in Sources */ = {isa = PBXBuildFile; fileRef = CEE70B4F2A1FEBD300DA0A0D /* Extension + View.swift */; };
		CEE70B562A1FF5DD00DA0A0D /* HalfModalView.swift in Sources */ = {isa = PBXBuildFile; fileRef = CEE70B552A1FF5DD00DA0A0D /* HalfModalView.swift */; };
		CEE70B582A1FF64400DA0A0D /* ErrorSheetView.swift in Sources */ = {isa = PBXBuildFile; fileRef = CEE70B572A1FF64400DA0A0D /* ErrorSheetView.swift */; };
		CEE70B5A2A20069800DA0A0D /* Extension + UIApplication.swift in Sources */ = {isa = PBXBuildFile; fileRef = CEE70B592A20069800DA0A0D /* Extension + UIApplication.swift */; };
		CEE70B5C2A201A6100DA0A0D /* BMSecureTextFIeldView.swift in Sources */ = {isa = PBXBuildFile; fileRef = CEE70B5B2A201A6100DA0A0D /* BMSecureTextFIeldView.swift */; };
/* End PBXBuildFile section */

/* Begin PBXContainerItemProxy section */
		CED80DF72A13EE15009F3569 /* PBXContainerItemProxy */ = {
			isa = PBXContainerItemProxy;
			containerPortal = CED80DB82A129C7E009F3569 /* Project object */;
			proxyType = 1;
			remoteGlobalIDString = CED80DBF2A129C7E009F3569;
			remoteInfo = BaseMVVMSwiftUI;
		};
/* End PBXContainerItemProxy section */

/* Begin PBXFileReference section */
		CED80DC02A129C7E009F3569 /* BaseMVVMSwiftUI.app */ = {isa = PBXFileReference; explicitFileType = wrapper.application; includeInIndex = 0; path = BaseMVVMSwiftUI.app; sourceTree = BUILT_PRODUCTS_DIR; };
		CED80DC32A129C7E009F3569 /* BaseMVVMSwiftUIApp.swift */ = {isa = PBXFileReference; lastKnownFileType = sourcecode.swift; path = BaseMVVMSwiftUIApp.swift; sourceTree = "<group>"; };
		CED80DC72A129C80009F3569 /* Assets.xcassets */ = {isa = PBXFileReference; lastKnownFileType = folder.assetcatalog; path = Assets.xcassets; sourceTree = "<group>"; };
		CED80DCA2A129C80009F3569 /* Preview Assets.xcassets */ = {isa = PBXFileReference; lastKnownFileType = folder.assetcatalog; path = "Preview Assets.xcassets"; sourceTree = "<group>"; };
		CED80DD42A129DBE009F3569 /* LoginView.swift */ = {isa = PBXFileReference; lastKnownFileType = sourcecode.swift; path = LoginView.swift; sourceTree = "<group>"; };
		CED80DD62A129FEE009F3569 /* LoginViewModel.swift */ = {isa = PBXFileReference; lastKnownFileType = sourcecode.swift; path = LoginViewModel.swift; sourceTree = "<group>"; };
		CED80DD82A12A000009F3569 /* LoginService.swift */ = {isa = PBXFileReference; lastKnownFileType = sourcecode.swift; path = LoginService.swift; sourceTree = "<group>"; };
		CED80DDC2A12A1C1009F3569 /* LoginRequestModel.swift */ = {isa = PBXFileReference; lastKnownFileType = sourcecode.swift; path = LoginRequestModel.swift; sourceTree = "<group>"; };
		CED80DDE2A12A1F9009F3569 /* LoginResponseModel.swift */ = {isa = PBXFileReference; lastKnownFileType = sourcecode.swift; path = LoginResponseModel.swift; sourceTree = "<group>"; };
		CED80DE12A12B4E3009F3569 /* LoadingView.swift */ = {isa = PBXFileReference; lastKnownFileType = sourcecode.swift; path = LoadingView.swift; sourceTree = "<group>"; };
		CED80DE42A12CB64009F3569 /* ForgotPasswordViewController.swift */ = {isa = PBXFileReference; lastKnownFileType = sourcecode.swift; path = ForgotPasswordViewController.swift; sourceTree = "<group>"; };
		CED80DE52A12CB64009F3569 /* ForgotPasswordViewController.xib */ = {isa = PBXFileReference; lastKnownFileType = file.xib; path = ForgotPasswordViewController.xib; sourceTree = "<group>"; };
		CED80DE82A12CC10009F3569 /* ForgotPasswordViewControllerRepresentable.swift */ = {isa = PBXFileReference; lastKnownFileType = sourcecode.swift; path = ForgotPasswordViewControllerRepresentable.swift; sourceTree = "<group>"; };
		CED80DEA2A13BFF6009F3569 /* SuccessView.swift */ = {isa = PBXFileReference; lastKnownFileType = sourcecode.swift; path = SuccessView.swift; sourceTree = "<group>"; };
		CED80DED2A13CCF2009F3569 /* NavigationUtil.swift */ = {isa = PBXFileReference; lastKnownFileType = sourcecode.swift; path = NavigationUtil.swift; sourceTree = "<group>"; };
		CED80DF32A13EE15009F3569 /* BaseMVVMSwiftUITests.xctest */ = {isa = PBXFileReference; explicitFileType = wrapper.cfbundle; includeInIndex = 0; path = BaseMVVMSwiftUITests.xctest; sourceTree = BUILT_PRODUCTS_DIR; };
		CED80DFD2A13EEB7009F3569 /* LoginTests.swift */ = {isa = PBXFileReference; lastKnownFileType = sourcecode.swift; path = LoginTests.swift; sourceTree = "<group>"; };
		CED80DFF2A13FE7B009F3569 /* LoginServiceSpy.swift */ = {isa = PBXFileReference; lastKnownFileType = sourcecode.swift; path = LoginServiceSpy.swift; sourceTree = "<group>"; };
		CED80E3F2A17F11D009F3569 /* SessionManager.swift */ = {isa = PBXFileReference; lastKnownFileType = sourcecode.swift; path = SessionManager.swift; sourceTree = "<group>"; };
		CED80E422A17F47B009F3569 /* SessionModel.swift */ = {isa = PBXFileReference; lastKnownFileType = sourcecode.swift; path = SessionModel.swift; sourceTree = "<group>"; };
		CED80E452A17FD75009F3569 /* HomeView.swift */ = {isa = PBXFileReference; lastKnownFileType = sourcecode.swift; path = HomeView.swift; sourceTree = "<group>"; };
		CED80E472A17FEC2009F3569 /* HomeViewModel.swift */ = {isa = PBXFileReference; lastKnownFileType = sourcecode.swift; path = HomeViewModel.swift; sourceTree = "<group>"; };
		CED80E4A2A1BA0AD009F3569 /* AppView.swift */ = {isa = PBXFileReference; lastKnownFileType = sourcecode.swift; path = AppView.swift; sourceTree = "<group>"; };
		CED80E522A1D5B49009F3569 /* BMTextFieldView.swift */ = {isa = PBXFileReference; lastKnownFileType = sourcecode.swift; path = BMTextFieldView.swift; sourceTree = "<group>"; };
		CEE267A92A1E86750016C55F /* BMButtonView.swift */ = {isa = PBXFileReference; lastKnownFileType = sourcecode.swift; path = BMButtonView.swift; sourceTree = "<group>"; };
		CEE70B452A1FCEBA00DA0A0D /* SignupView.swift */ = {isa = PBXFileReference; lastKnownFileType = sourcecode.swift; path = SignupView.swift; sourceTree = "<group>"; };
		CEE70B472A1FCED400DA0A0D /* SignupViewModel.swift */ = {isa = PBXFileReference; lastKnownFileType = sourcecode.swift; path = SignupViewModel.swift; sourceTree = "<group>"; };
		CEE70B4C2A1FEB7F00DA0A0D /* RoundedCorner.swift */ = {isa = PBXFileReference; lastKnownFileType = sourcecode.swift; path = RoundedCorner.swift; sourceTree = "<group>"; };
		CEE70B4F2A1FEBD300DA0A0D /* Extension + View.swift */ = {isa = PBXFileReference; lastKnownFileType = sourcecode.swift; path = "Extension + View.swift"; sourceTree = "<group>"; };
		CEE70B552A1FF5DD00DA0A0D /* HalfModalView.swift */ = {isa = PBXFileReference; lastKnownFileType = sourcecode.swift; path = HalfModalView.swift; sourceTree = "<group>"; };
		CEE70B572A1FF64400DA0A0D /* ErrorSheetView.swift */ = {isa = PBXFileReference; lastKnownFileType = sourcecode.swift; path = ErrorSheetView.swift; sourceTree = "<group>"; };
		CEE70B592A20069800DA0A0D /* Extension + UIApplication.swift */ = {isa = PBXFileReference; lastKnownFileType = sourcecode.swift; path = "Extension + UIApplication.swift"; sourceTree = "<group>"; };
		CEE70B5B2A201A6100DA0A0D /* BMSecureTextFIeldView.swift */ = {isa = PBXFileReference; lastKnownFileType = sourcecode.swift; path = BMSecureTextFIeldView.swift; sourceTree = "<group>"; };
/* End PBXFileReference section */

/* Begin PBXFrameworksBuildPhase section */
		CED80DBD2A129C7E009F3569 /* Frameworks */ = {
			isa = PBXFrameworksBuildPhase;
			buildActionMask = 2147483647;
			files = (
			);
			runOnlyForDeploymentPostprocessing = 0;
		};
		CED80DF02A13EE15009F3569 /* Frameworks */ = {
			isa = PBXFrameworksBuildPhase;
			buildActionMask = 2147483647;
			files = (
			);
			runOnlyForDeploymentPostprocessing = 0;
		};
/* End PBXFrameworksBuildPhase section */

/* Begin PBXGroup section */
		CED80DB72A129C7E009F3569 = {
			isa = PBXGroup;
			children = (
				CED80DC22A129C7E009F3569 /* BaseMVVMSwiftUI */,
				CED80DF42A13EE15009F3569 /* BaseMVVMSwiftUITests */,
				CED80DC12A129C7E009F3569 /* Products */,
			);
			sourceTree = "<group>";
		};
		CED80DC12A129C7E009F3569 /* Products */ = {
			isa = PBXGroup;
			children = (
				CED80DC02A129C7E009F3569 /* BaseMVVMSwiftUI.app */,
				CED80DF32A13EE15009F3569 /* BaseMVVMSwiftUITests.xctest */,
			);
			name = Products;
			sourceTree = "<group>";
		};
		CED80DC22A129C7E009F3569 /* BaseMVVMSwiftUI */ = {
			isa = PBXGroup;
			children = (
				CED80DEC2A13CCB7009F3569 /* Commons */,
				CED80DE02A12B4CC009F3569 /* Resources */,
				CED80DD22A129D6B009F3569 /* Sources */,
				CED80DD12A129D3F009F3569 /* Scenes */,
				CED80DC92A129C80009F3569 /* Preview Content */,
			);
			path = BaseMVVMSwiftUI;
			sourceTree = "<group>";
		};
		CED80DC92A129C80009F3569 /* Preview Content */ = {
			isa = PBXGroup;
			children = (
				CED80DCA2A129C80009F3569 /* Preview Assets.xcassets */,
			);
			path = "Preview Content";
			sourceTree = "<group>";
		};
		CED80DD12A129D3F009F3569 /* Scenes */ = {
			isa = PBXGroup;
			children = (
				CED80E492A1BA098009F3569 /* App */,
				CED80E442A17FD57009F3569 /* Home */,
				CED80DE32A12CB43009F3569 /* ForgotPassword */,
				CED80DD32A129D79009F3569 /* Login */,
				CEE70B442A1FCE8100DA0A0D /* Signup */,
			);
			path = Scenes;
			sourceTree = "<group>";
		};
		CED80DD22A129D6B009F3569 /* Sources */ = {
			isa = PBXGroup;
			children = (
				CED80DC32A129C7E009F3569 /* BaseMVVMSwiftUIApp.swift */,
				CED80E3F2A17F11D009F3569 /* SessionManager.swift */,
			);
			path = Sources;
			sourceTree = "<group>";
		};
		CED80DD32A129D79009F3569 /* Login */ = {
			isa = PBXGroup;
			children = (
				CED80DDA2A12A011009F3569 /* Models */,
				CED80DDB2A12A01A009F3569 /* SubViews */,
				CED80DD82A12A000009F3569 /* LoginService.swift */,
				CED80DD62A129FEE009F3569 /* LoginViewModel.swift */,
				CED80DD42A129DBE009F3569 /* LoginView.swift */,
			);
			path = Login;
			sourceTree = "<group>";
		};
		CED80DDA2A12A011009F3569 /* Models */ = {
			isa = PBXGroup;
			children = (
				CED80DDC2A12A1C1009F3569 /* LoginRequestModel.swift */,
				CED80DDE2A12A1F9009F3569 /* LoginResponseModel.swift */,
			);
			path = Models;
			sourceTree = "<group>";
		};
		CED80DDB2A12A01A009F3569 /* SubViews */ = {
			isa = PBXGroup;
			children = (
			);
			path = SubViews;
			sourceTree = "<group>";
		};
		CED80DE02A12B4CC009F3569 /* Resources */ = {
			isa = PBXGroup;
			children = (
				CED80DC72A129C80009F3569 /* Assets.xcassets */,
			);
			path = Resources;
			sourceTree = "<group>";
		};
		CED80DE32A12CB43009F3569 /* ForgotPassword */ = {
			isa = PBXGroup;
			children = (
				CED80DE82A12CC10009F3569 /* ForgotPasswordViewControllerRepresentable.swift */,
				CED80DE42A12CB64009F3569 /* ForgotPasswordViewController.swift */,
				CED80DE52A12CB64009F3569 /* ForgotPasswordViewController.xib */,
			);
			path = ForgotPassword;
			sourceTree = "<group>";
		};
		CED80DEC2A13CCB7009F3569 /* Commons */ = {
			isa = PBXGroup;
			children = (
				CEE70B602A20EB5300DA0A0D /* Views */,
				CEE70B5F2A20EB3800DA0A0D /* Utilities */,
				CEE70B4E2A1FEBC000DA0A0D /* Extensions */,
				CED80E502A1D5AE7009F3569 /* Components */,
				CED80E412A17F45B009F3569 /* Models */,
			);
			path = Commons;
			sourceTree = "<group>";
		};
		CED80DF42A13EE15009F3569 /* BaseMVVMSwiftUITests */ = {
			isa = PBXGroup;
			children = (
				CED80DFC2A13EE2B009F3569 /* Login */,
			);
			path = BaseMVVMSwiftUITests;
			sourceTree = "<group>";
		};
		CED80DFC2A13EE2B009F3569 /* Login */ = {
			isa = PBXGroup;
			children = (
				CED80DFF2A13FE7B009F3569 /* LoginServiceSpy.swift */,
				CED80DFD2A13EEB7009F3569 /* LoginTests.swift */,
			);
			path = Login;
			sourceTree = "<group>";
		};
		CED80E412A17F45B009F3569 /* Models */ = {
			isa = PBXGroup;
			children = (
				CED80E422A17F47B009F3569 /* SessionModel.swift */,
			);
			path = Models;
			sourceTree = "<group>";
		};
		CED80E442A17FD57009F3569 /* Home */ = {
			isa = PBXGroup;
			children = (
				CED80E472A17FEC2009F3569 /* HomeViewModel.swift */,
				CED80E452A17FD75009F3569 /* HomeView.swift */,
			);
			path = Home;
			sourceTree = "<group>";
		};
		CED80E492A1BA098009F3569 /* App */ = {
			isa = PBXGroup;
			children = (
				CED80E4A2A1BA0AD009F3569 /* AppView.swift */,
			);
			path = App;
			sourceTree = "<group>";
		};
		CED80E502A1D5AE7009F3569 /* Components */ = {
			isa = PBXGroup;
			children = (
				CED80E512A1D5AF3009F3569 /* BMTextField */,
				CEE70B5E2A201A8500DA0A0D /* BMSecureTextFIeld */,
				CEE70B492A1FD35100DA0A0D /* BMButton */,
			);
			path = Components;
			sourceTree = "<group>";
		};
		CED80E512A1D5AF3009F3569 /* BMTextField */ = {
			isa = PBXGroup;
			children = (
				CED80E522A1D5B49009F3569 /* BMTextFieldView.swift */,
			);
			path = BMTextField;
			sourceTree = "<group>";
		};
		CEE70B442A1FCE8100DA0A0D /* Signup */ = {
			isa = PBXGroup;
			children = (
				CEE70B472A1FCED400DA0A0D /* SignupViewModel.swift */,
				CEE70B452A1FCEBA00DA0A0D /* SignupView.swift */,
			);
			path = Signup;
			sourceTree = "<group>";
		};
		CEE70B492A1FD35100DA0A0D /* BMButton */ = {
			isa = PBXGroup;
			children = (
				CEE267A92A1E86750016C55F /* BMButtonView.swift */,
			);
			path = BMButton;
			sourceTree = "<group>";
		};
		CEE70B4E2A1FEBC000DA0A0D /* Extensions */ = {
			isa = PBXGroup;
			children = (
				CEE70B4F2A1FEBD300DA0A0D /* Extension + View.swift */,
				CEE70B592A20069800DA0A0D /* Extension + UIApplication.swift */,
			);
			path = Extensions;
			sourceTree = "<group>";
		};
		CEE70B5E2A201A8500DA0A0D /* BMSecureTextFIeld */ = {
			isa = PBXGroup;
			children = (
				CEE70B5B2A201A6100DA0A0D /* BMSecureTextFIeldView.swift */,
			);
			path = BMSecureTextFIeld;
			sourceTree = "<group>";
		};
		CEE70B5F2A20EB3800DA0A0D /* Utilities */ = {
			isa = PBXGroup;
			children = (
				CED80DED2A13CCF2009F3569 /* NavigationUtil.swift */,
				CEE70B4C2A1FEB7F00DA0A0D /* RoundedCorner.swift */,
			);
			path = Utilities;
			sourceTree = "<group>";
		};
		CEE70B602A20EB5300DA0A0D /* Views */ = {
			isa = PBXGroup;
			children = (
				CED80DE12A12B4E3009F3569 /* LoadingView.swift */,
				CED80DEA2A13BFF6009F3569 /* SuccessView.swift */,
				CEE70B552A1FF5DD00DA0A0D /* HalfModalView.swift */,
				CEE70B572A1FF64400DA0A0D /* ErrorSheetView.swift */,
			);
			path = Views;
			sourceTree = "<group>";
		};
/* End PBXGroup section */

/* Begin PBXNativeTarget section */
		CED80DBF2A129C7E009F3569 /* BaseMVVMSwiftUI */ = {
			isa = PBXNativeTarget;
			buildConfigurationList = CED80DCE2A129C80009F3569 /* Build configuration list for PBXNativeTarget "BaseMVVMSwiftUI" */;
			buildPhases = (
				CED80DBC2A129C7E009F3569 /* Sources */,
				CED80DBD2A129C7E009F3569 /* Frameworks */,
				CED80DBE2A129C7E009F3569 /* Resources */,
			);
			buildRules = (
			);
			dependencies = (
			);
			name = BaseMVVMSwiftUI;
			productName = BaseMVVMSwiftUI;
			productReference = CED80DC02A129C7E009F3569 /* BaseMVVMSwiftUI.app */;
			productType = "com.apple.product-type.application";
		};
		CED80DF22A13EE15009F3569 /* BaseMVVMSwiftUITests */ = {
			isa = PBXNativeTarget;
			buildConfigurationList = CED80DF92A13EE15009F3569 /* Build configuration list for PBXNativeTarget "BaseMVVMSwiftUITests" */;
			buildPhases = (
				CED80DEF2A13EE15009F3569 /* Sources */,
				CED80DF02A13EE15009F3569 /* Frameworks */,
				CED80DF12A13EE15009F3569 /* Resources */,
			);
			buildRules = (
			);
			dependencies = (
				CED80DF82A13EE15009F3569 /* PBXTargetDependency */,
			);
			name = BaseMVVMSwiftUITests;
			productName = BaseMVVMSwiftUITests;
			productReference = CED80DF32A13EE15009F3569 /* BaseMVVMSwiftUITests.xctest */;
			productType = "com.apple.product-type.bundle.unit-test";
		};
/* End PBXNativeTarget section */

/* Begin PBXProject section */
		CED80DB82A129C7E009F3569 /* Project object */ = {
			isa = PBXProject;
			attributes = {
				BuildIndependentTargetsInParallel = 1;
				LastSwiftUpdateCheck = 1420;
				LastUpgradeCheck = 1420;
				TargetAttributes = {
					CED80DBF2A129C7E009F3569 = {
						CreatedOnToolsVersion = 14.2;
					};
					CED80DF22A13EE15009F3569 = {
						CreatedOnToolsVersion = 14.2;
						LastSwiftMigration = 1420;
						TestTargetID = CED80DBF2A129C7E009F3569;
					};
				};
			};
			buildConfigurationList = CED80DBB2A129C7E009F3569 /* Build configuration list for PBXProject "BaseMVVMSwiftUI" */;
			compatibilityVersion = "Xcode 14.0";
			developmentRegion = en;
			hasScannedForEncodings = 0;
			knownRegions = (
				en,
				Base,
			);
			mainGroup = CED80DB72A129C7E009F3569;
			productRefGroup = CED80DC12A129C7E009F3569 /* Products */;
			projectDirPath = "";
			projectRoot = "";
			targets = (
				CED80DBF2A129C7E009F3569 /* BaseMVVMSwiftUI */,
				CED80DF22A13EE15009F3569 /* BaseMVVMSwiftUITests */,
			);
		};
/* End PBXProject section */

/* Begin PBXResourcesBuildPhase section */
		CED80DBE2A129C7E009F3569 /* Resources */ = {
			isa = PBXResourcesBuildPhase;
			buildActionMask = 2147483647;
			files = (
				CED80DE72A12CB64009F3569 /* ForgotPasswordViewController.xib in Resources */,
				CED80DCB2A129C80009F3569 /* Preview Assets.xcassets in Resources */,
				CED80DC82A129C80009F3569 /* Assets.xcassets in Resources */,
			);
			runOnlyForDeploymentPostprocessing = 0;
		};
		CED80DF12A13EE15009F3569 /* Resources */ = {
			isa = PBXResourcesBuildPhase;
			buildActionMask = 2147483647;
			files = (
			);
			runOnlyForDeploymentPostprocessing = 0;
		};
/* End PBXResourcesBuildPhase section */

/* Begin PBXSourcesBuildPhase section */
		CED80DBC2A129C7E009F3569 /* Sources */ = {
			isa = PBXSourcesBuildPhase;
			buildActionMask = 2147483647;
			files = (
				CEE70B462A1FCEBA00DA0A0D /* SignupView.swift in Sources */,
				CED80DD72A129FEE009F3569 /* LoginViewModel.swift in Sources */,
				CEE267AA2A1E86750016C55F /* BMButtonView.swift in Sources */,
				CED80E462A17FD75009F3569 /* HomeView.swift in Sources */,
				CEE70B5C2A201A6100DA0A0D /* BMSecureTextFIeldView.swift in Sources */,
				CEE70B562A1FF5DD00DA0A0D /* HalfModalView.swift in Sources */,
				CED80DE92A12CC10009F3569 /* ForgotPasswordViewControllerRepresentable.swift in Sources */,
				CED80E402A17F11D009F3569 /* SessionManager.swift in Sources */,
				CEE70B4D2A1FEB7F00DA0A0D /* RoundedCorner.swift in Sources */,
				CEE70B482A1FCED400DA0A0D /* SignupViewModel.swift in Sources */,
				CED80E4B2A1BA0AD009F3569 /* AppView.swift in Sources */,
				CED80DD52A129DBE009F3569 /* LoginView.swift in Sources */,
				CED80DDF2A12A1F9009F3569 /* LoginResponseModel.swift in Sources */,
				CED80DEE2A13CCF2009F3569 /* NavigationUtil.swift in Sources */,
				CEE70B582A1FF64400DA0A0D /* ErrorSheetView.swift in Sources */,
				CED80DD92A12A000009F3569 /* LoginService.swift in Sources */,
				CED80DDD2A12A1C1009F3569 /* LoginRequestModel.swift in Sources */,
				CEE70B5A2A20069800DA0A0D /* Extension + UIApplication.swift in Sources */,
				CEE70B502A1FEBD300DA0A0D /* Extension + View.swift in Sources */,
				CED80DE62A12CB64009F3569 /* ForgotPasswordViewController.swift in Sources */,
				CED80E432A17F47B009F3569 /* SessionModel.swift in Sources */,
				CED80DEB2A13BFF6009F3569 /* SuccessView.swift in Sources */,
				CED80DE22A12B4E3009F3569 /* LoadingView.swift in Sources */,
				CED80E482A17FEC2009F3569 /* HomeViewModel.swift in Sources */,
				CED80E532A1D5B49009F3569 /* BMTextFieldView.swift in Sources */,
				CED80DC42A129C7E009F3569 /* BaseMVVMSwiftUIApp.swift in Sources */,
			);
			runOnlyForDeploymentPostprocessing = 0;
		};
		CED80DEF2A13EE15009F3569 /* Sources */ = {
			isa = PBXSourcesBuildPhase;
			buildActionMask = 2147483647;
			files = (
				CED80E002A13FE7B009F3569 /* LoginServiceSpy.swift in Sources */,
				CED80DFE2A13EEB7009F3569 /* LoginTests.swift in Sources */,
			);
			runOnlyForDeploymentPostprocessing = 0;
		};
/* End PBXSourcesBuildPhase section */

/* Begin PBXTargetDependency section */
		CED80DF82A13EE15009F3569 /* PBXTargetDependency */ = {
			isa = PBXTargetDependency;
			target = CED80DBF2A129C7E009F3569 /* BaseMVVMSwiftUI */;
			targetProxy = CED80DF72A13EE15009F3569 /* PBXContainerItemProxy */;
		};
/* End PBXTargetDependency section */

/* Begin XCBuildConfiguration section */
		CED80DCC2A129C80009F3569 /* Debug */ = {
			isa = XCBuildConfiguration;
			buildSettings = {
				ALWAYS_SEARCH_USER_PATHS = NO;
				CLANG_ANALYZER_NONNULL = YES;
				CLANG_ANALYZER_NUMBER_OBJECT_CONVERSION = YES_AGGRESSIVE;
				CLANG_CXX_LANGUAGE_STANDARD = "gnu++20";
				CLANG_ENABLE_MODULES = YES;
				CLANG_ENABLE_OBJC_ARC = YES;
				CLANG_ENABLE_OBJC_WEAK = YES;
				CLANG_WARN_BLOCK_CAPTURE_AUTORELEASING = YES;
				CLANG_WARN_BOOL_CONVERSION = YES;
				CLANG_WARN_COMMA = YES;
				CLANG_WARN_CONSTANT_CONVERSION = YES;
				CLANG_WARN_DEPRECATED_OBJC_IMPLEMENTATIONS = YES;
				CLANG_WARN_DIRECT_OBJC_ISA_USAGE = YES_ERROR;
				CLANG_WARN_DOCUMENTATION_COMMENTS = YES;
				CLANG_WARN_EMPTY_BODY = YES;
				CLANG_WARN_ENUM_CONVERSION = YES;
				CLANG_WARN_INFINITE_RECURSION = YES;
				CLANG_WARN_INT_CONVERSION = YES;
				CLANG_WARN_NON_LITERAL_NULL_CONVERSION = YES;
				CLANG_WARN_OBJC_IMPLICIT_RETAIN_SELF = YES;
				CLANG_WARN_OBJC_LITERAL_CONVERSION = YES;
				CLANG_WARN_OBJC_ROOT_CLASS = YES_ERROR;
				CLANG_WARN_QUOTED_INCLUDE_IN_FRAMEWORK_HEADER = YES;
				CLANG_WARN_RANGE_LOOP_ANALYSIS = YES;
				CLANG_WARN_STRICT_PROTOTYPES = YES;
				CLANG_WARN_SUSPICIOUS_MOVE = YES;
				CLANG_WARN_UNGUARDED_AVAILABILITY = YES_AGGRESSIVE;
				CLANG_WARN_UNREACHABLE_CODE = YES;
				CLANG_WARN__DUPLICATE_METHOD_MATCH = YES;
				COPY_PHASE_STRIP = NO;
				DEBUG_INFORMATION_FORMAT = dwarf;
				ENABLE_STRICT_OBJC_MSGSEND = YES;
				ENABLE_TESTABILITY = YES;
				GCC_C_LANGUAGE_STANDARD = gnu11;
				GCC_DYNAMIC_NO_PIC = NO;
				GCC_NO_COMMON_BLOCKS = YES;
				GCC_OPTIMIZATION_LEVEL = 0;
				GCC_PREPROCESSOR_DEFINITIONS = (
					"DEBUG=1",
					"$(inherited)",
				);
				GCC_WARN_64_TO_32_BIT_CONVERSION = YES;
				GCC_WARN_ABOUT_RETURN_TYPE = YES_ERROR;
				GCC_WARN_UNDECLARED_SELECTOR = YES;
				GCC_WARN_UNINITIALIZED_AUTOS = YES_AGGRESSIVE;
				GCC_WARN_UNUSED_FUNCTION = YES;
				GCC_WARN_UNUSED_VARIABLE = YES;
				IPHONEOS_DEPLOYMENT_TARGET = 16.2;
				MTL_ENABLE_DEBUG_INFO = INCLUDE_SOURCE;
				MTL_FAST_MATH = YES;
				ONLY_ACTIVE_ARCH = YES;
				SDKROOT = iphoneos;
				SWIFT_ACTIVE_COMPILATION_CONDITIONS = DEBUG;
				SWIFT_OPTIMIZATION_LEVEL = "-Onone";
			};
			name = Debug;
		};
		CED80DCD2A129C80009F3569 /* Release */ = {
			isa = XCBuildConfiguration;
			buildSettings = {
				ALWAYS_SEARCH_USER_PATHS = NO;
				CLANG_ANALYZER_NONNULL = YES;
				CLANG_ANALYZER_NUMBER_OBJECT_CONVERSION = YES_AGGRESSIVE;
				CLANG_CXX_LANGUAGE_STANDARD = "gnu++20";
				CLANG_ENABLE_MODULES = YES;
				CLANG_ENABLE_OBJC_ARC = YES;
				CLANG_ENABLE_OBJC_WEAK = YES;
				CLANG_WARN_BLOCK_CAPTURE_AUTORELEASING = YES;
				CLANG_WARN_BOOL_CONVERSION = YES;
				CLANG_WARN_COMMA = YES;
				CLANG_WARN_CONSTANT_CONVERSION = YES;
				CLANG_WARN_DEPRECATED_OBJC_IMPLEMENTATIONS = YES;
				CLANG_WARN_DIRECT_OBJC_ISA_USAGE = YES_ERROR;
				CLANG_WARN_DOCUMENTATION_COMMENTS = YES;
				CLANG_WARN_EMPTY_BODY = YES;
				CLANG_WARN_ENUM_CONVERSION = YES;
				CLANG_WARN_INFINITE_RECURSION = YES;
				CLANG_WARN_INT_CONVERSION = YES;
				CLANG_WARN_NON_LITERAL_NULL_CONVERSION = YES;
				CLANG_WARN_OBJC_IMPLICIT_RETAIN_SELF = YES;
				CLANG_WARN_OBJC_LITERAL_CONVERSION = YES;
				CLANG_WARN_OBJC_ROOT_CLASS = YES_ERROR;
				CLANG_WARN_QUOTED_INCLUDE_IN_FRAMEWORK_HEADER = YES;
				CLANG_WARN_RANGE_LOOP_ANALYSIS = YES;
				CLANG_WARN_STRICT_PROTOTYPES = YES;
				CLANG_WARN_SUSPICIOUS_MOVE = YES;
				CLANG_WARN_UNGUARDED_AVAILABILITY = YES_AGGRESSIVE;
				CLANG_WARN_UNREACHABLE_CODE = YES;
				CLANG_WARN__DUPLICATE_METHOD_MATCH = YES;
				COPY_PHASE_STRIP = NO;
				DEBUG_INFORMATION_FORMAT = "dwarf-with-dsym";
				ENABLE_NS_ASSERTIONS = NO;
				ENABLE_STRICT_OBJC_MSGSEND = YES;
				GCC_C_LANGUAGE_STANDARD = gnu11;
				GCC_NO_COMMON_BLOCKS = YES;
				GCC_WARN_64_TO_32_BIT_CONVERSION = YES;
				GCC_WARN_ABOUT_RETURN_TYPE = YES_ERROR;
				GCC_WARN_UNDECLARED_SELECTOR = YES;
				GCC_WARN_UNINITIALIZED_AUTOS = YES_AGGRESSIVE;
				GCC_WARN_UNUSED_FUNCTION = YES;
				GCC_WARN_UNUSED_VARIABLE = YES;
				IPHONEOS_DEPLOYMENT_TARGET = 16.2;
				MTL_ENABLE_DEBUG_INFO = NO;
				MTL_FAST_MATH = YES;
				SDKROOT = iphoneos;
				SWIFT_COMPILATION_MODE = wholemodule;
				SWIFT_OPTIMIZATION_LEVEL = "-O";
				VALIDATE_PRODUCT = YES;
			};
			name = Release;
		};
		CED80DCF2A129C80009F3569 /* Debug */ = {
			isa = XCBuildConfiguration;
			buildSettings = {
				ASSETCATALOG_COMPILER_APPICON_NAME = AppIcon;
				ASSETCATALOG_COMPILER_GLOBAL_ACCENT_COLOR_NAME = AccentColor;
				CODE_SIGN_STYLE = Automatic;
				CURRENT_PROJECT_VERSION = 1;
				DEVELOPMENT_ASSET_PATHS = "\"BaseMVVMSwiftUI/Preview Content\"";
				DEVELOPMENT_TEAM = K2BTS9QU46;
				ENABLE_PREVIEWS = YES;
				GENERATE_INFOPLIST_FILE = YES;
				INFOPLIST_KEY_UIApplicationSceneManifest_Generation = YES;
				INFOPLIST_KEY_UIApplicationSupportsIndirectInputEvents = YES;
				INFOPLIST_KEY_UILaunchScreen_Generation = YES;
				INFOPLIST_KEY_UISupportedInterfaceOrientations_iPad = "UIInterfaceOrientationPortrait UIInterfaceOrientationPortraitUpsideDown UIInterfaceOrientationLandscapeLeft UIInterfaceOrientationLandscapeRight";
				INFOPLIST_KEY_UISupportedInterfaceOrientations_iPhone = "UIInterfaceOrientationPortrait UIInterfaceOrientationLandscapeLeft UIInterfaceOrientationLandscapeRight";
				IPHONEOS_DEPLOYMENT_TARGET = 15.0;
				LD_RUNPATH_SEARCH_PATHS = (
					"$(inherited)",
					"@executable_path/Frameworks",
				);
				MARKETING_VERSION = 1.0;
				PRODUCT_BUNDLE_IDENTIFIER = dev.junior.BaseMVVMSwiftUI;
				PRODUCT_NAME = "$(TARGET_NAME)";
				SUPPORTED_PLATFORMS = "iphoneos iphonesimulator";
				SUPPORTS_MACCATALYST = NO;
				SUPPORTS_MAC_DESIGNED_FOR_IPHONE_IPAD = NO;
				SWIFT_EMIT_LOC_STRINGS = YES;
				SWIFT_VERSION = 5.0;
				TARGETED_DEVICE_FAMILY = "1,2";
			};
			name = Debug;
		};
		CED80DD02A129C80009F3569 /* Release */ = {
			isa = XCBuildConfiguration;
			buildSettings = {
				ASSETCATALOG_COMPILER_APPICON_NAME = AppIcon;
				ASSETCATALOG_COMPILER_GLOBAL_ACCENT_COLOR_NAME = AccentColor;
				CODE_SIGN_STYLE = Automatic;
				CURRENT_PROJECT_VERSION = 1;
				DEVELOPMENT_ASSET_PATHS = "\"BaseMVVMSwiftUI/Preview Content\"";
				DEVELOPMENT_TEAM = K2BTS9QU46;
				ENABLE_PREVIEWS = YES;
				GENERATE_INFOPLIST_FILE = YES;
				INFOPLIST_KEY_UIApplicationSceneManifest_Generation = YES;
				INFOPLIST_KEY_UIApplicationSupportsIndirectInputEvents = YES;
				INFOPLIST_KEY_UILaunchScreen_Generation = YES;
				INFOPLIST_KEY_UISupportedInterfaceOrientations_iPad = "UIInterfaceOrientationPortrait UIInterfaceOrientationPortraitUpsideDown UIInterfaceOrientationLandscapeLeft UIInterfaceOrientationLandscapeRight";
				INFOPLIST_KEY_UISupportedInterfaceOrientations_iPhone = "UIInterfaceOrientationPortrait UIInterfaceOrientationLandscapeLeft UIInterfaceOrientationLandscapeRight";
				IPHONEOS_DEPLOYMENT_TARGET = 15.0;
				LD_RUNPATH_SEARCH_PATHS = (
					"$(inherited)",
					"@executable_path/Frameworks",
				);
				MARKETING_VERSION = 1.0;
				PRODUCT_BUNDLE_IDENTIFIER = dev.junior.BaseMVVMSwiftUI;
				PRODUCT_NAME = "$(TARGET_NAME)";
				SUPPORTED_PLATFORMS = "iphoneos iphonesimulator";
				SUPPORTS_MACCATALYST = NO;
				SUPPORTS_MAC_DESIGNED_FOR_IPHONE_IPAD = NO;
				SWIFT_EMIT_LOC_STRINGS = YES;
				SWIFT_VERSION = 5.0;
				TARGETED_DEVICE_FAMILY = "1,2";
			};
			name = Release;
		};
		CED80DFA2A13EE15009F3569 /* Debug */ = {
			isa = XCBuildConfiguration;
			buildSettings = {
				BUNDLE_LOADER = "$(TEST_HOST)";
				CLANG_ENABLE_MODULES = YES;
				CODE_SIGN_STYLE = Automatic;
				CURRENT_PROJECT_VERSION = 1;
				DEVELOPMENT_TEAM = K2BTS9QU46;
				GENERATE_INFOPLIST_FILE = YES;
				IPHONEOS_DEPLOYMENT_TARGET = 15.0;
				LD_RUNPATH_SEARCH_PATHS = (
					"$(inherited)",
					"@executable_path/Frameworks",
					"@loader_path/Frameworks",
				);
				MARKETING_VERSION = 1.0;
				PRODUCT_BUNDLE_IDENTIFIER = dev.junior.BaseMVVMSwiftUITests;
				PRODUCT_NAME = "$(TARGET_NAME)";
				SUPPORTED_PLATFORMS = "iphoneos iphonesimulator";
				SUPPORTS_MACCATALYST = NO;
				SUPPORTS_MAC_DESIGNED_FOR_IPHONE_IPAD = NO;
				SWIFT_EMIT_LOC_STRINGS = NO;
				SWIFT_OPTIMIZATION_LEVEL = "-Onone";
				SWIFT_VERSION = 5.0;
				TARGETED_DEVICE_FAMILY = "1,2";
				TEST_HOST = "$(BUILT_PRODUCTS_DIR)/BaseMVVMSwiftUI.app/$(BUNDLE_EXECUTABLE_FOLDER_PATH)/BaseMVVMSwiftUI";
			};
			name = Debug;
		};
		CED80DFB2A13EE15009F3569 /* Release */ = {
			isa = XCBuildConfiguration;
			buildSettings = {
				BUNDLE_LOADER = "$(TEST_HOST)";
				CLANG_ENABLE_MODULES = YES;
				CODE_SIGN_STYLE = Automatic;
				CURRENT_PROJECT_VERSION = 1;
				DEVELOPMENT_TEAM = K2BTS9QU46;
				GENERATE_INFOPLIST_FILE = YES;
				IPHONEOS_DEPLOYMENT_TARGET = 15.0;
				LD_RUNPATH_SEARCH_PATHS = (
					"$(inherited)",
					"@executable_path/Frameworks",
					"@loader_path/Frameworks",
				);
				MARKETING_VERSION = 1.0;
				PRODUCT_BUNDLE_IDENTIFIER = dev.junior.BaseMVVMSwiftUITests;
				PRODUCT_NAME = "$(TARGET_NAME)";
				SUPPORTED_PLATFORMS = "iphoneos iphonesimulator";
				SUPPORTS_MACCATALYST = NO;
				SUPPORTS_MAC_DESIGNED_FOR_IPHONE_IPAD = NO;
				SWIFT_EMIT_LOC_STRINGS = NO;
				SWIFT_VERSION = 5.0;
				TARGETED_DEVICE_FAMILY = "1,2";
				TEST_HOST = "$(BUILT_PRODUCTS_DIR)/BaseMVVMSwiftUI.app/$(BUNDLE_EXECUTABLE_FOLDER_PATH)/BaseMVVMSwiftUI";
			};
			name = Release;
		};
/* End XCBuildConfiguration section */

/* Begin XCConfigurationList section */
		CED80DBB2A129C7E009F3569 /* Build configuration list for PBXProject "BaseMVVMSwiftUI" */ = {
			isa = XCConfigurationList;
			buildConfigurations = (
				CED80DCC2A129C80009F3569 /* Debug */,
				CED80DCD2A129C80009F3569 /* Release */,
			);
			defaultConfigurationIsVisible = 0;
			defaultConfigurationName = Release;
		};
		CED80DCE2A129C80009F3569 /* Build configuration list for PBXNativeTarget "BaseMVVMSwiftUI" */ = {
			isa = XCConfigurationList;
			buildConfigurations = (
				CED80DCF2A129C80009F3569 /* Debug */,
				CED80DD02A129C80009F3569 /* Release */,
			);
			defaultConfigurationIsVisible = 0;
			defaultConfigurationName = Release;
		};
		CED80DF92A13EE15009F3569 /* Build configuration list for PBXNativeTarget "BaseMVVMSwiftUITests" */ = {
			isa = XCConfigurationList;
			buildConfigurations = (
				CED80DFA2A13EE15009F3569 /* Debug */,
				CED80DFB2A13EE15009F3569 /* Release */,
			);
			defaultConfigurationIsVisible = 0;
			defaultConfigurationName = Release;
		};
/* End XCConfigurationList section */
	};
	rootObject = CED80DB82A129C7E009F3569 /* Project object */;
}
